
Microsoft Visual Studio Solution File, Format Version 12.00
# Visual Studio Version 17
VisualStudioVersion = 17.10.34916.146
MinimumVisualStudioVersion = 10.0.40219.1
Project("{9A19103F-16F7-4668-BE54-9A1E7A4F7556}") = "SuperDuperMart.Api", "src\SuperDuperMart.Api\SuperDuperMart.Api.csproj", "{2DDF8C75-1D09-4207-AB66-3C7889A8E3B0}"
EndProject
Project("{2150E333-8FDC-42A3-9474-1A3956D46DE8}") = "src", "src", "{A1FC96E8-DF6D-427F-BB58-AD5944C13C75}"
EndProject
Project("{2150E333-8FDC-42A3-9474-1A3956D46DE8}") = "tests", "tests", "{A5C7AB80-2618-467D-9B02-ACAAF242ABC1}"
EndProject
Project("{9A19103F-16F7-4668-BE54-9A1E7A4F7556}") = "SuperDuperMart.Core", "src\SuperDuperMart.Core\SuperDuperMart.Core.csproj", "{9C1A4425-3678-47B0-9D88-C347416436E1}"
EndProject
Project("{9A19103F-16F7-4668-BE54-9A1E7A4F7556}") = "SuperDuperMart.UnitTests", "tests\SuperDuperMart.UnitTests\SuperDuperMart.UnitTests.csproj", "{BD08F5C8-6B71-47F1-868D-7D1E02444AC3}"
EndProject
Project("{9A19103F-16F7-4668-BE54-9A1E7A4F7556}") = "SuperDuperMart.Web", "src\SuperDuperMart.Web\SuperDuperMart.Web.csproj", "{34F37038-CCD0-4F96-9DC2-63B2BC024434}"
EndProject
Project("{FAE04EC0-301F-11D3-BF4B-00C04F79EFBC}") = "SuperDuperMart.Shared", "src\SuperDuperMart.Shared\SuperDuperMart.Shared.csproj", "{CB7E9F08-B8C4-454F-BA0D-D35ADC3DCA78}"
EndProject
Global
	GlobalSection(SolutionConfigurationPlatforms) = preSolution
		Debug|Any CPU = Debug|Any CPU
		Release|Any CPU = Release|Any CPU
	EndGlobalSection
	GlobalSection(ProjectConfigurationPlatforms) = postSolution
		{2DDF8C75-1D09-4207-AB66-3C7889A8E3B0}.Debug|Any CPU.ActiveCfg = Debug|Any CPU
		{2DDF8C75-1D09-4207-AB66-3C7889A8E3B0}.Debug|Any CPU.Build.0 = Debug|Any CPU
		{2DDF8C75-1D09-4207-AB66-3C7889A8E3B0}.Release|Any CPU.ActiveCfg = Release|Any CPU
		{2DDF8C75-1D09-4207-AB66-3C7889A8E3B0}.Release|Any CPU.Build.0 = Release|Any CPU
		{9C1A4425-3678-47B0-9D88-C347416436E1}.Debug|Any CPU.ActiveCfg = Debug|Any CPU
		{9C1A4425-3678-47B0-9D88-C347416436E1}.Debug|Any CPU.Build.0 = Debug|Any CPU
		{9C1A4425-3678-47B0-9D88-C347416436E1}.Release|Any CPU.ActiveCfg = Release|Any CPU
		{9C1A4425-3678-47B0-9D88-C347416436E1}.Release|Any CPU.Build.0 = Release|Any CPU
		{BD08F5C8-6B71-47F1-868D-7D1E02444AC3}.Debug|Any CPU.ActiveCfg = Debug|Any CPU
		{BD08F5C8-6B71-47F1-868D-7D1E02444AC3}.Debug|Any CPU.Build.0 = Debug|Any CPU
		{BD08F5C8-6B71-47F1-868D-7D1E02444AC3}.Release|Any CPU.ActiveCfg = Release|Any CPU
		{BD08F5C8-6B71-47F1-868D-7D1E02444AC3}.Release|Any CPU.Build.0 = Release|Any CPU
		{34F37038-CCD0-4F96-9DC2-63B2BC024434}.Debug|Any CPU.ActiveCfg = Debug|Any CPU
		{34F37038-CCD0-4F96-9DC2-63B2BC024434}.Debug|Any CPU.Build.0 = Debug|Any CPU
		{34F37038-CCD0-4F96-9DC2-63B2BC024434}.Release|Any CPU.ActiveCfg = Release|Any CPU
		{34F37038-CCD0-4F96-9DC2-63B2BC024434}.Release|Any CPU.Build.0 = Release|Any CPU
		{CB7E9F08-B8C4-454F-BA0D-D35ADC3DCA78}.Debug|Any CPU.ActiveCfg = Debug|Any CPU
		{CB7E9F08-B8C4-454F-BA0D-D35ADC3DCA78}.Debug|Any CPU.Build.0 = Debug|Any CPU
		{CB7E9F08-B8C4-454F-BA0D-D35ADC3DCA78}.Release|Any CPU.ActiveCfg = Release|Any CPU
		{CB7E9F08-B8C4-454F-BA0D-D35ADC3DCA78}.Release|Any CPU.Build.0 = Release|Any CPU
	EndGlobalSection
	GlobalSection(SolutionProperties) = preSolution
		HideSolutionNode = FALSE
	EndGlobalSection
	GlobalSection(NestedProjects) = preSolution
		{2DDF8C75-1D09-4207-AB66-3C7889A8E3B0} = {A1FC96E8-DF6D-427F-BB58-AD5944C13C75}
		{9C1A4425-3678-47B0-9D88-C347416436E1} = {A1FC96E8-DF6D-427F-BB58-AD5944C13C75}
		{BD08F5C8-6B71-47F1-868D-7D1E02444AC3} = {A5C7AB80-2618-467D-9B02-ACAAF242ABC1}
		{34F37038-CCD0-4F96-9DC2-63B2BC024434} = {A1FC96E8-DF6D-427F-BB58-AD5944C13C75}
		{CB7E9F08-B8C4-454F-BA0D-D35ADC3DCA78} = {A1FC96E8-DF6D-427F-BB58-AD5944C13C75}
	EndGlobalSection
	GlobalSection(ExtensibilityGlobals) = postSolution
		SolutionGuid = {7CFE6552-4822-4DD7-91D5-36E9EE154D18}
	EndGlobalSection
EndGlobal
